
Microsoft Visual Studio Solution File, Format Version 12.00
# Visual Studio Version 17
VisualStudioVersion = 17.8.34525.116
MinimumVisualStudioVersion = 10.0.40219.1
Project("{FAE04EC0-301F-11D3-BF4B-00C04F79EFBC}") = "DependencyInjc", "DependencyInjc\DependencyInjc.csproj", "{6B6F4D97-8A6D-4876-996D-CB1BA8AE3D18}"
EndProject
Project("{FAE04EC0-301F-11D3-BF4B-00C04F79EFBC}") = "Services", "Services\Services.csproj", "{095C446F-70EF-46EF-BD7A-1AD9A3C478BB}"
EndProject
Project("{FAE04EC0-301F-11D3-BF4B-00C04F79EFBC}") = "ServiceContracts", "ServiceContracts\ServiceContracts.csproj", "{2A98147D-C73C-42CB-A702-E82E27272B60}"
EndProject
Global
	GlobalSection(SolutionConfigurationPlatforms) = preSolution
		Debug|Any CPU = Debug|Any CPU
		Release|Any CPU = Release|Any CPU
	EndGlobalSection
	GlobalSection(ProjectConfigurationPlatforms) = postSolution
		{6B6F4D97-8A6D-4876-996D-CB1BA8AE3D18}.Debug|Any CPU.ActiveCfg = Debug|Any CPU
		{6B6F4D97-8A6D-4876-996D-CB1BA8AE3D18}.Debug|Any CPU.Build.0 = Debug|Any CPU
		{6B6F4D97-8A6D-4876-996D-CB1BA8AE3D18}.Release|Any CPU.ActiveCfg = Release|Any CPU
		{6B6F4D97-8A6D-4876-996D-CB1BA8AE3D18}.Release|Any CPU.Build.0 = Release|Any CPU
		{095C446F-70EF-46EF-BD7A-1AD9A3C478BB}.Debug|Any CPU.ActiveCfg = Debug|Any CPU
		{095C446F-70EF-46EF-BD7A-1AD9A3C478BB}.Debug|Any CPU.Build.0 = Debug|Any CPU
		{095C446F-70EF-46EF-BD7A-1AD9A3C478BB}.Release|Any CPU.ActiveCfg = Release|Any CPU
		{095C446F-70EF-46EF-BD7A-1AD9A3C478BB}.Release|Any CPU.Build.0 = Release|Any CPU
		{2A98147D-C73C-42CB-A702-E82E27272B60}.Debug|Any CPU.ActiveCfg = Debug|Any CPU
		{2A98147D-C73C-42CB-A702-E82E27272B60}.Debug|Any CPU.Build.0 = Debug|Any CPU
		{2A98147D-C73C-42CB-A702-E82E27272B60}.Release|Any CPU.ActiveCfg = Release|Any CPU
		{2A98147D-C73C-42CB-A702-E82E27272B60}.Release|Any CPU.Build.0 = Release|Any CPU
	EndGlobalSection
	GlobalSection(SolutionProperties) = preSolution
		HideSolutionNode = FALSE
	EndGlobalSection
	GlobalSection(ExtensibilityGlobals) = postSolution
		SolutionGuid = {5D975982-3B9B-4F3F-9FA7-91212871F3AD}
	EndGlobalSection
EndGlobal
