
Microsoft Visual Studio Solution File, Format Version 12.00
# Visual Studio Version 17
VisualStudioVersion = 17.8.34525.116
MinimumVisualStudioVersion = 10.0.40219.1
Project("{FAE04EC0-301F-11D3-BF4B-00C04F79EFBC}") = "ComponentViews", "ComponentViews\ComponentViews.csproj", "{D64FF598-2FB0-4DA7-A3E4-AF51CE9EB601}"
EndProject
Global
	GlobalSection(SolutionConfigurationPlatforms) = preSolution
		Debug|Any CPU = Debug|Any CPU
		Release|Any CPU = Release|Any CPU
	EndGlobalSection
	GlobalSection(ProjectConfigurationPlatforms) = postSolution
		{D64FF598-2FB0-4DA7-A3E4-AF51CE9EB601}.Debug|Any CPU.ActiveCfg = Debug|Any CPU
		{D64FF598-2FB0-4DA7-A3E4-AF51CE9EB601}.Debug|Any CPU.Build.0 = Debug|Any CPU
		{D64FF598-2FB0-4DA7-A3E4-AF51CE9EB601}.Release|Any CPU.ActiveCfg = Release|Any CPU
		{D64FF598-2FB0-4DA7-A3E4-AF51CE9EB601}.Release|Any CPU.Build.0 = Release|Any CPU
	EndGlobalSection
	GlobalSection(SolutionProperties) = preSolution
		HideSolutionNode = FALSE
	EndGlobalSection
	GlobalSection(ExtensibilityGlobals) = postSolution
		SolutionGuid = {A20E8456-04C0-4799-8B14-9DF14ED628DF}
	EndGlobalSection
EndGlobal
