
Microsoft Visual Studio Solution File, Format Version 12.00
# Visual Studio Version 17
VisualStudioVersion = 17.8.34525.116
MinimumVisualStudioVersion = 10.0.40219.1
Project("{FAE04EC0-301F-11D3-BF4B-00C04F79EFBC}") = "ModelBinding", "ModelBinding\ModelBinding.csproj", "{10DD97DB-2F24-488D-A09C-93E7B3DD620F}"
EndProject
Global
	GlobalSection(SolutionConfigurationPlatforms) = preSolution
		Debug|Any CPU = Debug|Any CPU
		Release|Any CPU = Release|Any CPU
	EndGlobalSection
	GlobalSection(ProjectConfigurationPlatforms) = postSolution
		{10DD97DB-2F24-488D-A09C-93E7B3DD620F}.Debug|Any CPU.ActiveCfg = Debug|Any CPU
		{10DD97DB-2F24-488D-A09C-93E7B3DD620F}.Debug|Any CPU.Build.0 = Debug|Any CPU
		{10DD97DB-2F24-488D-A09C-93E7B3DD620F}.Release|Any CPU.ActiveCfg = Release|Any CPU
		{10DD97DB-2F24-488D-A09C-93E7B3DD620F}.Release|Any CPU.Build.0 = Release|Any CPU
	EndGlobalSection
	GlobalSection(SolutionProperties) = preSolution
		HideSolutionNode = FALSE
	EndGlobalSection
	GlobalSection(ExtensibilityGlobals) = postSolution
		SolutionGuid = {F1DC4E9F-4D40-44AD-9D38-C05F44FF82C1}
	EndGlobalSection
EndGlobal
