
Microsoft Visual Studio Solution File, Format Version 12.00
# Visual Studio Version 17
VisualStudioVersion = 17.8.34525.116
MinimumVisualStudioVersion = 10.0.40219.1
Project("{FAE04EC0-301F-11D3-BF4B-00C04F79EFBC}") = "PartialVIews", "PartialVIews\PartialVIews.csproj", "{0228740A-6C4F-4F88-BBE8-C0F2C33FF8CE}"
EndProject
Global
	GlobalSection(SolutionConfigurationPlatforms) = preSolution
		Debug|Any CPU = Debug|Any CPU
		Release|Any CPU = Release|Any CPU
	EndGlobalSection
	GlobalSection(ProjectConfigurationPlatforms) = postSolution
		{0228740A-6C4F-4F88-BBE8-C0F2C33FF8CE}.Debug|Any CPU.ActiveCfg = Debug|Any CPU
		{0228740A-6C4F-4F88-BBE8-C0F2C33FF8CE}.Debug|Any CPU.Build.0 = Debug|Any CPU
		{0228740A-6C4F-4F88-BBE8-C0F2C33FF8CE}.Release|Any CPU.ActiveCfg = Release|Any CPU
		{0228740A-6C4F-4F88-BBE8-C0F2C33FF8CE}.Release|Any CPU.Build.0 = Release|Any CPU
	EndGlobalSection
	GlobalSection(SolutionProperties) = preSolution
		HideSolutionNode = FALSE
	EndGlobalSection
	GlobalSection(ExtensibilityGlobals) = postSolution
		SolutionGuid = {A884E86F-C2EF-48B7-B51E-88FA9F8CAC6A}
	EndGlobalSection
EndGlobal
